
Microsoft Visual Studio Solution File, Format Version 12.00
# Visual Studio 15
VisualStudioVersion = 15.0.27130.2010
MinimumVisualStudioVersion = 10.0.40219.1
Project("{FAE04EC0-301F-11D3-BF4B-00C04F79EFBC}") = "Digitz", "Digitz\Digitz.csproj", "{A5362F75-A802-4DFF-87FC-DBCCA0C5C36E}"
EndProject
Global
	GlobalSection(SolutionConfigurationPlatforms) = preSolution
		Debug|Any CPU = Debug|Any CPU
		Debug|ARM = Debug|ARM
		Debug|x64 = Debug|x64
		Debug|x86 = Debug|x86
		Release|Any CPU = Release|Any CPU
		Release|ARM = Release|ARM
		Release|x64 = Release|x64
		Release|x86 = Release|x86
	EndGlobalSection
	GlobalSection(ProjectConfigurationPlatforms) = postSolution
		{A5362F75-A802-4DFF-87FC-DBCCA0C5C36E}.Debug|Any CPU.ActiveCfg = Debug|Any CPU
		{A5362F75-A802-4DFF-87FC-DBCCA0C5C36E}.Debug|Any CPU.Build.0 = Debug|Any CPU
		{A5362F75-A802-4DFF-87FC-DBCCA0C5C36E}.Debug|ARM.ActiveCfg = Debug|Any CPU
		{A5362F75-A802-4DFF-87FC-DBCCA0C5C36E}.Debug|ARM.Build.0 = Debug|Any CPU
		{A5362F75-A802-4DFF-87FC-DBCCA0C5C36E}.Debug|x64.ActiveCfg = Debug|x64
		{A5362F75-A802-4DFF-87FC-DBCCA0C5C36E}.Debug|x64.Build.0 = Debug|x64
		{A5362F75-A802-4DFF-87FC-DBCCA0C5C36E}.Debug|x86.ActiveCfg = Debug|x64
		{A5362F75-A802-4DFF-87FC-DBCCA0C5C36E}.Debug|x86.Build.0 = Debug|x64
		{A5362F75-A802-4DFF-87FC-DBCCA0C5C36E}.Release|Any CPU.ActiveCfg = Release|Any CPU
		{A5362F75-A802-4DFF-87FC-DBCCA0C5C36E}.Release|Any CPU.Build.0 = Release|Any CPU
		{A5362F75-A802-4DFF-87FC-DBCCA0C5C36E}.Release|ARM.ActiveCfg = Release|Any CPU
		{A5362F75-A802-4DFF-87FC-DBCCA0C5C36E}.Release|ARM.Build.0 = Release|Any CPU
		{A5362F75-A802-4DFF-87FC-DBCCA0C5C36E}.Release|x64.ActiveCfg = Release|Any CPU
		{A5362F75-A802-4DFF-87FC-DBCCA0C5C36E}.Release|x64.Build.0 = Release|Any CPU
		{A5362F75-A802-4DFF-87FC-DBCCA0C5C36E}.Release|x86.ActiveCfg = Release|Any CPU
		{A5362F75-A802-4DFF-87FC-DBCCA0C5C36E}.Release|x86.Build.0 = Release|Any CPU
	EndGlobalSection
	GlobalSection(SolutionProperties) = preSolution
		HideSolutionNode = FALSE
	EndGlobalSection
	GlobalSection(ExtensibilityGlobals) = postSolution
		SolutionGuid = {4820EE66-D120-426C-8EA2-A23A7164EEBD}
	EndGlobalSection
EndGlobal
